
Microsoft Visual Studio Solution File, Format Version 12.00
# Visual Studio Version 16
VisualStudioVersion = 16.0.31019.35
MinimumVisualStudioVersion = 10.0.40219.1
Project("{FAE04EC0-301F-11D3-BF4B-00C04F79EFBC}") = "Among Us Radar", "Among Us Radar\Among Us Radar.csproj", "{B9761C0A-ADFC-4AD0-B26A-ED303B7EF615}"
EndProject
Global
	GlobalSection(SolutionConfigurationPlatforms) = preSolution
		Debug|Any CPU = Debug|Any CPU
		Release|Any CPU = Release|Any CPU
	EndGlobalSection
	GlobalSection(ProjectConfigurationPlatforms) = postSolution
		{B9761C0A-ADFC-4AD0-B26A-ED303B7EF615}.Debug|Any CPU.ActiveCfg = Debug|Any CPU
		{B9761C0A-ADFC-4AD0-B26A-ED303B7EF615}.Debug|Any CPU.Build.0 = Debug|Any CPU
		{B9761C0A-ADFC-4AD0-B26A-ED303B7EF615}.Release|Any CPU.ActiveCfg = Release|Any CPU
		{B9761C0A-ADFC-4AD0-B26A-ED303B7EF615}.Release|Any CPU.Build.0 = Release|Any CPU
	EndGlobalSection
	GlobalSection(SolutionProperties) = preSolution
		HideSolutionNode = FALSE
	EndGlobalSection
	GlobalSection(ExtensibilityGlobals) = postSolution
		SolutionGuid = {9171529F-AADE-456F-80D3-45976E56D14E}
	EndGlobalSection
EndGlobal
